dario.cat/mergo v1.0.0 h1:AGCNq9Evsj31mOgNPcLyXc+4PNABt905YmuqPYYpBWk=
dario.cat/mergo v1.0.0/go.mod h1:uNxQE+84aUszobStD9th8a29P2fMDhsBdgRYvZOxGmk=
github.com/BurntSushi/toml v0.3.1 h1:WXkYYl6Yr3qBf1K79EBnL4mak0OimBfB0XUf9Vl28OQ=
github.com/BurntSushi/toml v0.3.1/go.mod h1:xHWCNGjB5oqiDr8zfno3MHue2Ht5sIBksp03qcyfWMU=
github.com/Microsoft/go-winio v0.5.2/go.mod h1:WpS1mjBmmwHBEWmogvA2mj8546UReBk4v8QkMxJ6pZY=
github.com/Microsoft/go-winio v0.6.1 h1:9/kr64B9VUZrLm5YYwbGtUJnMgqWVOdUAXu6Migciow=
github.com/Microsoft/go-winio v0.6.1/go.mod h1:LRdKpFKfdobln8UmuiYcKPot9D2v6svN5+sAH+4kjUM=
github.com/ProtonMail/go-crypto v0.0.0-20230923063757-afb1ddc0824c h1:kMFnB0vCcX7IL/m9Y5LO+KQYv+t1CQOiFe6+SV2J7bE=
github.com/ProtonMail/go-crypto v0.0.0-20230923063757-afb1ddc0824c/go.mod h1:EjAoLdwvbIOoOQr3ihjnSoLZRtE8azugULFRteWMNc0=
github.com/PuerkitoBio/goquery v1.5.1 h1:PSPBGne8NIUWw+/7vFBV+kG2J/5MOjbzc7154OaKCSE=
github.com/PuerkitoBio/goquery v1.5.1/go.mod h1:GsLWisAFVj4WgDibEWF4pvYnkVQBpKBKeU+7zCJoLcc=
github.com/andybalholm/cascadia v1.1.0 h1:BuuO6sSfQNFRu1LppgbD25Hr2vLYW25JvxHs5zzsLTo=
github.com/andybalholm/cascadia v1.1.0/go.mod h1:GsXiBklL0woXo1j/WYWtSYYC4ouU9PqHO0sqidkEA4Y=
github.com/anmitsu/go-shlex v0.0.0-20200514113438-38f4b401e2be h1:9AeTilPcZAjCFIImctFaOjnTIavg87rW78vTPkQqLI8=
github.com/anmitsu/go-shlex v0.0.0-20200514113438-38f4b401e2be/go.mod h1:ySMOLuWl6zY27l47sB3qLNK6tF2fkHG55UZxx8oIVo4=
github.com/armon/go-socks5 v0.0.0-20160902184237-e75332964ef5 h1:0CwZNZbxp69SHPdPJAN/hZIm0C4OItdklCFmMRWYpio=
github.com/armon/go-socks5 v0.0.0-20160902184237-e75332964ef5/go.mod h1:wHh0iHkYZB8zMSxRWpUBQtwG5a7fFgvEO+odwuTv2gs=
github.com/benbjohnson/clock v1.1.0 h1:Q92kusRqC1XV2MjkWETPvjJVqKetz1OzxZB7mHJLju8=
github.com/benbjohnson/clock v1.1.0/go.mod h1:J11/hYXuz8f4ySSvYwY0FKfm+ezbsZBKZxNJlLklBHA=
github.com/bwesterb/go-ristretto v1.2.3/go.mod h1:fUIoIZaG73pV5biE2Blr2xEzDoMj7NFEuV9ekS419A0=
github.com/cloudflare/circl v1.3.3/go.mod h1:5XYMA4rFBvNIrhs50XuiBJ15vF2pZn4nnUKZrLbUZFA=
github.com/cloudflare/circl v1.3.6 h1:/xbKIqSHbZXHwkhbrhrt2YOHIwYJlXH94E3tI/gDlUg=
github.com/cloudflare/circl v1.3.6/go.mod h1:5XYMA4rFBvNIrhs50XuiBJ15vF2pZn4nnUKZrLbUZFA=
github.com/cosnicolaou/pbzip2 v1.0.2-0.20211229030036-3ed02fdb7541 h1:mxYXzRISkWfnAwtF4JQK0MMJa7xSkFrLGCN0EM1ZD28=
github.com/cosnicolaou/pbzip2 v1.0.2-0.20211229030036-3ed02fdb7541/go.mod h1:cE04zhBMvwMrCLhsx6aLYh9cGsU9GyFB0oo/GmO+SkY=
github.com/cyphar/filepath-securejoin v0.2.4 h1:Ugdm7cg7i6ZK6x3xDF1oEu1nfkyfH53EtKeQYTC3kyg=
github.com/cyphar/filepath-securejoin v0.2.4/go.mod h1:aPGpWjXOXUn2NCNjFvBE6aRxGGx79pTxQpKOJNYHHl4=
github.com/cznic/golex v0.0.0-20181122101858-9c343928389c/go.mod h1:+bmmJDNmKlhWNG+gwWCkaBoTy39Fs+bzRxVBzoTQbIc=
github.com/cznic/mathutil v0.0.0-20181122101859-297441e03548/go.mod h1:e6NPNENfs9mPDVNRekM7lKScauxd5kXTr1Mfyig6TDM=
github.com/cznic/parser v0.0.0-20160622100904-31edd927e5b1/go.mod h1:2B43mz36vGZNZEwkWi8ayRSSUXLfjL8OkbzwW4NcPMM=
github.com/cznic/sortutil v0.0.0-20181122101858-f5f958428db8/go.mod h1:q2w6Bg5jeox1B+QkJ6Wp/+Vn0G/bo3f1uY7Fn3vivIQ=
github.com/cznic/strutil v0.0.0-20171016134553-529a34b1c186/go.mod h1:AHHPPPXTw0h6pVabbcbyGRK1DckRn7r/STdZEeIDzZc=
github.com/cznic/y v0.0.0-20170802143616-045f81c6662a/go.mod h1:1rk5VM7oSnA4vjp+hrLQ3HWHa+Y4yPCa3/CsJrcNnvs=
github.com/davecgh/go-spew v1.1.0/go.mod h1:J7Y8YcW2NihsgmVo/mv3lAwl/skON4iLHjSsI+c5H38=
github.com/davecgh/go-spew v1.1.1 h1:vj9j/u1bqnvCEfJOwUhtlOARqs3+rkHYY13jYWTU97c=
github.com/davecgh/go-spew v1.1.1/go.mod h1:J7Y8YcW2NihsgmVo/mv3lAwl/skON4iLHjSsI+c5H38=
github.com/elazarl/goproxy v0.0.0-20230808193330-2592e75ae04a h1:mATvB/9r/3gvcejNsXKSkQ6lcIaNec2nyfOdlTBR2lU=
github.com/elazarl/goproxy v0.0.0-20230808193330-2592e75ae04a/go.mod h1:Ro8st/ElPeALwNFlcTpWmkr6IoMFfkjXAvTHpevnDsM=
github.com/elliotchance/phpserialize v1.3.2 h1:h0pth0bbCXXIM5fAZ6DJK8ty5wuojHl1CmOsaY7kUTo=
github.com/elliotchance/phpserialize v1.3.2/go.mod h1:gt7XX9+ETUcLXbtTKEuyrqW3lcLUAeS/AnGZ2e49TZs=
github.com/emirpasic/gods v1.18.1 h1:FXtiHYKDGKCW2KzwZKx0iC0PQmdlorYgdFG9jPXJ1Bc=
github.com/emirpasic/gods v1.18.1/go.mod h1:8tpGGwCnJ5H4r6BWwaV6OrWmMoPhUl5jm/FMNAnJvWQ=
github.com/foolin/pagser v0.1.5 h1:7An65ggwE3funoqDSNUcID0HQAQOtC5qimv8gu2m3gg=
github.com/foolin/pagser v0.1.5/go.mod h1:Sb+J85/lSocXi9bIbLCWOjME8UZuahP61cJbHyVHdgg=
github.com/gliderlabs/ssh v0.3.5 h1:OcaySEmAQJgyYcArR+gGGTHCyE7nvhEMTlYY+Dp8CpY=
github.com/gliderlabs/ssh v0.3.5/go.mod h1:8XB4KraRrX39qHhT6yxPsHedjA08I/uBVwj4xC+/+z4=
github.com/go-git/gcfg v1.5.1-0.20230307220236-3a3c6141e376 h1:+zs/tPmkDkHx3U66DAb0lQFJrpS6731Oaa12ikc+DiI=
github.com/go-git/gcfg v1.5.1-0.20230307220236-3a3c6141e376/go.mod h1:an3vInlBmSxCcxctByoQdvwPiA7DTK7jaaFDBTtu0ic=
github.com/go-git/go-billy/v5 v5.5.0 h1:yEY4yhzCDuMGSv83oGxiBotRzhwhNr8VZyphhiu+mTU=
github.com/go-git/go-billy/v5 v5.5.0/go.mod h1:hmexnoNsr2SJU1Ju67OaNz5ASJY3+sHgFRpCtpDCKow=
github.com/go-git/go-git-fixtures/v4 v4.3.2-0.20231010084843-55a94097c399 h1:eMje31YglSBqCdIqdhKBW8lokaMrL3uTkpGYlE2OOT4=
github.com/go-git/go-git-fixtures/v4 v4.3.2-0.20231010084843-55a94097c399/go.mod h1:1OCfN199q1Jm3HZlxleg+Dw/mwps2Wbk9frAWm+4FII=
github.com/go-git/go-git/v5 v5.11.0 h1:XIZc1p+8YzypNr34itUfSvYJcv+eYdTnTvOZ2vD3cA4=
github.com/go-git/go-git/v5 v5.11.0/go.mod h1:6GFcX2P3NM7FPBfpePbpLd21XxsgdAt+lKqXmCUiUCY=
github.com/go-sql-driver/mysql v1.3.0/go.mod h1:zAC/RDZ24gD3HViQzih4MyKcchzm+sOG5ZlKdlhCg5w=
github.com/go-sql-driver/mysql v1.5.0 h1:ozyZYNQW3x3HtqT1jira07DN2PArx2v7/mN66gGcHOs=
github.com/go-sql-driver/mysql v1.5.0/go.mod h1:DCzpHaOWr8IXmIStZouvnhqoel9Qv2LBy8hT2VhHyBg=
github.com/golang/groupcache v0.0.0-20210331224755-41bb18bfe9da h1:oI5xCqsCo564l8iNU+DwB5epxmsaqB+rhGL0m5jtYqE=
github.com/golang/groupcache v0.0.0-20210331224755-41bb18bfe9da/go.mod h1:cIg4eruTrX1D+g88fzRXU5OdNfaM+9IcxsU14FzY7Hc=
github.com/google/go-cmp v0.5.8/go.mod h1:17dUlkBOakJ0+DkrSSNjCkIjxS6bF9zb3elmeNGIjoY=
github.com/google/go-cmp v0.6.0 h1:ofyhxvXcZhMsU5ulbFiLKl/XBFqE1GSq7atu8tAmTRI=
github.com/google/go-cmp v0.6.0/go.mod h1:17dUlkBOakJ0+DkrSSNjCkIjxS6bF9zb3elmeNGIjoY=
github.com/google/renameio v0.1.0/go.mod h1:KWCgfxg9yswjAJkECMjeO8J8rahYeXnNhOm40UhjYkI=
github.com/hashicorp/go-cleanhttp v0.5.2 h1:035FKYIWjmULyFRBKPs8TBQoi0x6d9G4xc9neXJWAZQ=
github.com/hashicorp/go-cleanhttp v0.5.2/go.mod h1:kO/YDlP8L1346E6Sodw+PrpBSV4/SoxCXGY6BqNFT48=
github.com/hashicorp/go-hclog v0.9.2 h1:CG6TE5H9/JXsFWJCfoIVpKFIkFe6ysEuHirp4DxCsHI=
github.com/hashicorp/go-hclog v0.9.2/go.mod h1:5CU+agLiy3J7N7QjHK5d05KxGsuXiQLrjA0H7acj2lQ=
github.com/hashicorp/go-retryablehttp v0.7.5 h1:bJj+Pj19UZMIweq/iie+1u5YCdGrnxCT9yvm0e+Nd5M=
github.com/hashicorp/go-retryablehttp v0.7.5/go.mod h1:Jy/gPYAdjqffZ/yFGCFV2doI5wjtH1ewM9u8iYVjtX8=
github.com/jbenet/go-context v0.0.0-20150711004518-d14ea06fba99 h1:BQSFePA1RWJOlocH6Fxy8MmwDt+yVQYULKfN0RoTN8A=
github.com/jbenet/go-context v0.0.0-20150711004518-d14ea06fba99/go.mod h1:1lJo3i6rXxKeerYnT8Nvf0QmHCRC1n8sfWVwXF2Frvo=
github.com/kevinburke/ssh_config v1.2.0 h1:x584FjTGwHzMwvHx18PXxbBVzfnxogHaAReU4gf13a4=
github.com/kevinburke/ssh_config v1.2.0/go.mod h1:CT57kijsi8u/K/BOFA39wgDQJ9CxiF4nAY/ojJ6r6mM=
github.com/kisielk/gotool v1.0.0/go.mod h1:XhKaO+MFFWcvkIS/tQcRk01m1F5IRFswLeQ+oQHNcck=
github.com/klauspost/compress v1.13.6 h1:P76CopJELS0TiO2mebmnzgWaajssP/EszplttgQxcgc=
github.com/klauspost/compress v1.13.6/go.mod h1:/3/Vjq9QcHkK5uEr5lBEmyoZ1iFhe47etQ6QUkpK6sk=
github.com/klauspost/pgzip v1.2.5 h1:qnWYvvKqedOF2ulHpMG72XQol4ILEJ8k2wwRl/Km8oE=
github.com/klauspost/pgzip v1.2.5/go.mod h1:Ch1tH69qFZu15pkjo5kYi6mth2Zzwzt50oCQKQE9RUs=
github.com/kr/pretty v0.1.0/go.mod h1:dAy3ld7l9f0ibDNOQOHHMYYIIbhfbHSm3C4ZsoJORNo=
github.com/kr/pretty v0.3.1 h1:flRD4NNwYAUpkphVc1HcthR4KEIFJ65n8Mw5qdRn3LE=
github.com/kr/pretty v0.3.1/go.mod h1:hoEshYVHaxMs3cyo3Yncou5ZscifuDolrwPKZanG3xk=
github.com/kr/pty v1.1.1/go.mod h1:pFQYn66WHrOpPYNljwOMqo10TkYh1fy3cYio2l3bCsQ=
github.com/kr/text v0.1.0/go.mod h1:4Jbv+DJW3UT/LiOwJeYQe1efqtUx/iVham/4vfdArNI=
github.com/kr/text v0.2.0 h1:5Nx0Ya0ZqY2ygV366QzturHI13Jq95ApcVaJBhpS+AY=
github.com/kr/text v0.2.0/go.mod h1:eLer722TekiGuMkidMxC/pM04lWEeraHUUmBw8l2grE=
github.com/mattn/go-runewidth v0.0.8/go.mod h1:H031xJmbD/WCDINGzjvQ9THkh0rPKHF+m2gUSrubnMI=
github.com/mattn/godown v0.0.0-20200217152941-afc959f6a561/go.mod h1:/ivCKurgV/bx6yqtP/Jtc2Xmrv3beCYBvlfAUl4X5g4=
github.com/microcosm-cc/bluemonday v1.0.2/go.mod h1:iVP4YcDBq+n/5fb23BhYFvIMq/leAFZyRl6bYmGDlGc=
github.com/onsi/gomega v1.27.10 h1:naR28SdDFlqrG6kScpT8VWpu1xWY5nJRCF3XaYyBjhI=
github.com/onsi/gomega v1.27.10/go.mod h1:RsS8tutOdbdgzbPtzzATp12yT7kM5I5aElG3evPbQ0M=
github.com/pingcap/check v0.0.0-20190102082844-67f458068fc8/go.mod h1:B1+S9LNcuMyLH/4HMTViQOJevkGiik3wW2AN9zb2fNQ=
github.com/pingcap/check v0.0.0-20200212061837-5e12011dc712 h1:R8gStypOBmpnHEx1qi//SaqxJVI4inOqljg/Aj5/390=
github.com/pingcap/check v0.0.0-20200212061837-5e12011dc712/go.mod h1:PYMCGwN0JHjoqGr3HrZoD+b8Tgx8bKnArhSq8YVzUMc=
github.com/pingcap/errors v0.11.0/go.mod h1:Oi8TUi2kEtXXLMJk9l1cGmz20kV3TaQ0usTwv5KuLY8=
github.com/pingcap/errors v0.11.5-0.20210425183316-da1aaba5fb63 h1:+FZIDR/D97YOPik4N4lPDaUcLDF/EQPogxtlHB2ZZRM=
github.com/pingcap/errors v0.11.5-0.20210425183316-da1aaba5fb63/go.mod h1:X2r9ueLEUZgtx2cIogM0v4Zj5uvvzhuuiu7Pn8HzMPg=
github.com/pingcap/log v0.0.0-20191012051959-b742a5d432e9/go.mod h1:4rbK1p9ILyIfb6hU7OG2CiWSqMXnp3JMbiaVJ6mvoY8=
github.com/pingcap/log v0.0.0-20210625125904-98ed8e2eb1c7 h1:k2BbABz9+TNpYRwsCCFS8pEEnFVOdbgEjL/kTlLuzZQ=
github.com/pingcap/log v0.0.0-20210625125904-98ed8e2eb1c7/go.mod h1:8AanEdAHATuRurdGxZXBz0At+9avep+ub7U1AGYLIMM=
github.com/pingcap/parser v0.0.0-20210802034743-dd9b189324ce h1:3KjHJw5FjUbrLLunmzEdmU/CeXNfLaqnP9AMVfOVOQU=
github.com/pingcap/parser v0.0.0-20210802034743-dd9b189324ce/go.mod h1:Ek0mLKEqUGnQqBw1JnYrJQxsguU433DU68yUbsoeJ7s=
github.com/pjbgf/sha1cd v0.3.0 h1:4D5XXmUUBUl/xQ6IjCkEAbqXskkq/4O7LmGn0AqMDs4=
github.com/pjbgf/sha1cd v0.3.0/go.mod h1:nZ1rrWOcGJ5uZgEEVL1VUM9iRQiZvWdbZjkKyFzPPsI=
github.com/pkg/errors v0.8.1/go.mod h1:bwawxfHBFNV+L2hUp1rHADufV3IMtnDRdf1r5NINEl0=
github.com/pkg/errors v0.9.1 h1:FEBLx1zS214owpjy7qsBeixbURkuhQAwrK5UwLGTwt4=
github.com/pkg/errors v0.9.1/go.mod h1:bwawxfHBFNV+L2hUp1rHADufV3IMtnDRdf1r5NINEl0=
github.com/pmezard/go-difflib v1.0.0 h1:4DBwDE0NGyQoBHbLQYPwSUPoCMWR5BEzIk/f1lZbAQM=
github.com/pmezard/go-difflib v1.0.0/go.mod h1:iKH77koFhYxTK1pcRnkKkqfTogsbg7gZNVY4sRDYZ/4=
github.com/remyoudompheng/bigfft v0.0.0-20200410134404-eec4a21b6bb0/go.mod h1:qqbHyh8v60DhA7CoWK5oRCqLrMHRGoxYCSS9EjAz6Eo=
github.com/rogpeppe/go-internal v1.3.0/go.mod h1:M8bDsm7K2OlrFYOpmOWEs/qY81heoFRclV5y23lUDJ4=
github.com/rogpeppe/go-internal v1.11.0 h1:cWPaGQEPrBb5/AsnsZesgZZ9yb1OQ+GOISoDNXVBh4M=
github.com/rogpeppe/go-internal v1.11.0/go.mod h1:ddIwULY96R17DhadqLgMfk9H9tvdUzkipdSkR5nkCZA=
github.com/sergi/go-diff v1.3.1 h1:xkr+Oxo4BOQKmkn/B9eMK0g5Kg/983T9DqqPHwYqD+8=
github.com/sergi/go-diff v1.3.1/go.mod h1:aMJSSKb2lpPvRNec0+w3fl7LP9IOFzdc9Pa4NFbPK1I=
github.com/sirupsen/logrus v1.7.0/go.mod h1:yWOB1SBYBC5VeMP7gHvWumXLIWorT60ONWic61uBYv0=
github.com/skeema/knownhosts v1.2.1 h1:SHWdIUa82uGZz+F+47k8SY4QhhI291cXCpopT1lK2AQ=
github.com/skeema/knownhosts v1.2.1/go.mod h1:xYbVRSPxqBZFrdmDyMmsOs+uX1UZC3nTN3ThzgDxUwo=
github.com/spf13/cast v1.3.1 h1:nFm6S0SMdyzrzcmThSipiEubIDy8WEXKNZ0UOgiRpng=
github.com/spf13/cast v1.3.1/go.mod h1:Qx5cxh0v+4UWYiBimWS+eyWzqEqokIECu5etghLkUJE=
github.com/stretchr/objx v0.1.0/go.mod h1:HFkY916IF+rwdDfMAkV7OtwuqBVzrE8GR6GFx+wExME=
github.com/stretchr/testify v1.2.2/go.mod h1:a8OnRcib4nhh0OaRAV+Yts87kKdq0PP7pXfy6kDkUVs=
github.com/stretchr/testify v1.3.0/go.mod h1:M5WIy9Dh21IEIfnGCwXGc5bZfKNJtfHm1UVUgZn+9EI=
github.com/stretchr/testify v1.4.0/go.mod h1:j7eGeouHqKxXV5pUuKE4zz7dFj8WfuZ+81PSLYec5m4=
github.com/stretchr/testify v1.7.0/go.mod h1:6Fq8oRcR53rry900zMqJjRRixrwX3KX962/h/Wwjteg=
github.com/stretchr/testify v1.8.4 h1:CcVxjf3Q8PM0mHUKJCdn+eZZtm5yQwehR5yeSVQQcUk=
github.com/stretchr/testify v1.8.4/go.mod h1:sz/lmYIOXD/1dqDmKjjqLyZ2RngseejIcXlSw2iwfAo=
github.com/whilp/git-urls v1.0.0 h1:95f6UMWN5FKW71ECsXRUd3FVYiXdrE7aX4NZKcPmIjU=
github.com/whilp/git-urls v1.0.0/go.mod h1:J16SAmobsqc3Qcy98brfl5f5+e0clUvg1krgwk/qCfE=
github.com/xanzy/ssh-agent v0.3.3 h1:+/15pJfg/RsTxqYcX6fHqOXZwwMP+2VyYWJeWM2qQFM=
github.com/xanzy/ssh-agent v0.3.3/go.mod h1:6dzNDKs0J9rVPHPhaGCukekBHKqfl+L3KghI1Bc68Uw=
github.com/yuin/goldmark v1.4.13/go.mod h1:6yULJ656Px+3vBD8DxQVa3kxgyrAnzto9xy5taEt/CY=
gitlab.com/tozd/go/errors v0.8.0 h1:I8SO1R42A2ihcJujou1zakpphLtQPiiH7wl5AQFRWgI=
gitlab.com/tozd/go/errors v0.8.0/go.mod h1:PvIdUMLpPwxr+KEBxghQaCMydHXGYdJQn/PhdMqYREY=
gitlab.com/tozd/go/x v0.0.0-20240414153458-c60a59ee413b h1:c1vruN+Hfu4+NHnCL2grQ/wFPNUJqNbrJqeXHcoP1lY=
gitlab.com/tozd/go/x v0.0.0-20240414153458-c60a59ee413b/go.mod h1:G29FVSfiEA5gsz3yxuliG7Tk3l5oueSJJyrCAf11GVU=
go.uber.org/atomic v1.3.2/go.mod h1:gD2HeocX3+yG+ygLZcrzQJaqmWj9AIm7n08wl/qW/PE=
go.uber.org/atomic v1.5.0/go.mod h1:sABNBOSYdrvTF6hTgEIbc7YasKWGhgEQZyfxyTvoXHQ=
go.uber.org/atomic v1.6.0/go.mod h1:sABNBOSYdrvTF6hTgEIbc7YasKWGhgEQZyfxyTvoXHQ=
go.uber.org/atomic v1.7.0/go.mod h1:fEN4uk6kAWBTFdckzkM89CLk9XfWZrxpCo0nPH17wJc=
go.uber.org/atomic v1.8.0 h1:CUhrE4N1rqSE6FM9ecihEjRkLQu8cDfgDyoOs83mEY4=
go.uber.org/atomic v1.8.0/go.mod h1:fEN4uk6kAWBTFdckzkM89CLk9XfWZrxpCo0nPH17wJc=
go.uber.org/goleak v1.1.10 h1:z+mqJhf6ss6BSfSM671tgKyZBFPTTJM+HLxnhPC3wu0=
go.uber.org/goleak v1.1.10/go.mod h1:8a7PlsEVH3e/a/GLqe5IIrQx6GzcnRmZEufDUTk4A7A=
go.uber.org/multierr v1.1.0/go.mod h1:wR5kodmAFQ0UK8QlbwjlSNy0Z68gJhDJUG5sjR94q/0=
go.uber.org/multierr v1.3.0/go.mod h1:VgVr7evmIr6uPjLBxg28wmKNXyqE9akIJ5XnfpiKl+4=
go.uber.org/multierr v1.4.0/go.mod h1:VgVr7evmIr6uPjLBxg28wmKNXyqE9akIJ5XnfpiKl+4=
go.uber.org/multierr v1.6.0/go.mod h1:cdWPpRnG4AhwMwsgIHip0KRBQjJy5kYEpYjJxpXp9iU=
go.uber.org/multierr v1.7.0 h1:zaiO/rmgFjbmCXdSYJWQcdvOCsthmdaHfr3Gm2Kx4Ec=
go.uber.org/multierr v1.7.0/go.mod h1:7EAYxJLBy9rStEaz58O2t4Uvip6FSURkq8/ppBp95ak=
go.uber.org/tools v0.0.0-20190618225709-2cfd321de3ee/go.mod h1:vJERXedbb3MVM5f9Ejo0C68/HhF8uaILCdgjnY+goOA=
go.uber.org/zap v1.9.1/go.mod h1:vwi/ZaCAaUcBkycHslxD9B2zi4UTXhF60s6SWpuDF0Q=
go.uber.org/zap v1.12.0/go.mod h1:zwrFLgMcdUuIBviXEYEH1YKNaOBnKXsx2IPda5bBwHM=
go.uber.org/zap v1.18.1 h1:CSUJ2mjFszzEWt4CdKISEuChVIXGBn3lAPwkRGyVrc4=
go.uber.org/zap v1.18.1/go.mod h1:xg/QME4nWcxGxrpdeYfq7UvYrLh66cuVKdrbD1XF/NI=
golang.org/x/crypto v0.0.0-20190308221718-c2843e01d9a2/go.mod h1:djNgcEr1/C05ACkg1iLfiJU5Ep61QUkGW8qpdssI0+w=
golang.org/x/crypto v0.0.0-20190510104115-cbcb75029529/go.mod h1:yigFU9vqHzYiE8UmvKecakEJjdnWj3jj499lnFckfCI=
golang.org/x/crypto v0.0.0-20191011191535-87dc89f01550/go.mod h1:yigFU9vqHzYiE8UmvKecakEJjdnWj3jj499lnFckfCI=
golang.org/x/crypto v0.0.0-20210921155107-089bfa567519/go.mod h1:GvvjBRRGRdwPK5ydBHafDWAxML/pGHZbMvKqRZ5+Abc=
golang.org/x/crypto v0.0.0-20220622213112-05595931fe9d/go.mod h1:IxCIyHEi3zRg3s0A5j5BB6A9Jmi73HwBIUl50j+osU4=
golang.org/x/crypto v0.3.1-0.20221117191849-2c476679df9a/go.mod h1:hebNnKkNXi2UzZN1eVRvBB7co0a+JxK6XbPiWVs/3J4=
golang.org/x/crypto v0.7.0/go.mod h1:pYwdfH91IfpZVANVyUOhSIPZaFoJGxTFbZhFTx+dXZU=
golang.org/x/crypto v0.20.0 h1:jmAMJJZXr5KiCw05dfYK9QnqaqKLYXijU23lsEdcQqg=
golang.org/x/crypto v0.20.0/go.mod h1:Xwo95rrVNIoSMx9wa1JroENMToLWn3RNVrTBpLHgZPQ=
golang.org/x/lint v0.0.0-20190930215403-16217165b5de/go.mod h1:6SW0HCj/g11FgYtHlgUYUwCkIfeOF89ocIRzGO/8vkc=
golang.org/x/lint v0.0.0-20210508222113-6edffad5e616 h1:VLliZ0d+/avPrXXH+OakdXhpJuEoBZuwh1m2j7U6Iug=
golang.org/x/lint v0.0.0-20210508222113-6edffad5e616/go.mod h1:3xt1FjdF8hUf6vQPIChWIBhFzV8gjjsPE/fR3IyQdNY=
golang.org/x/mod v0.0.0-20190513183733-4bf6d317e70e/go.mod h1:mXi4GBBbnImb6dmsKGUJ2LatrhH/nqhxcFungHvyanc=
golang.org/x/mod v0.1.1-0.20191105210325-c90efee705ee/go.mod h1:QqPTAvyqsEbceGzBzNggFXnrqF1CaUcvgkdR5Ot7KZg=
golang.org/x/mod v0.6.0-dev.0.20220419223038-86c51ed26bb4/go.mod h1:jJ57K6gSWd91VN4djpZkiMVwK6gcyfeH4XE8wZrZaV4=
golang.org/x/mod v0.8.0/go.mod h1:iBbtSCu2XBx23ZKBPSOrRkjjQPZFPuis4dIYUhu/chs=
golang.org/x/mod v0.14.0 h1:dGoOF9QVLYng8IHTm7BAyWqCqSheQ5pYWGhzW00YJr0=
golang.org/x/mod v0.14.0/go.mod h1:hTbmBsO62+eylJbnUtE2MGJUyE7QWk4xUqPFrRgJ+7c=
golang.org/x/net v0.0.0-20180218175443-cbe0f9307d01/go.mod h1:mL1N/T3taQHkDXs73rZJwtUhF3w3ftmwwsq0BUmARs4=
golang.org/x/net v0.0.0-20181220203305-927f97764cc3/go.mod h1:mL1N/T3taQHkDXs73rZJwtUhF3w3ftmwwsq0BUmARs4=
golang.org/x/net v0.0.0-20190311183353-d8887717615a/go.mod h1:t9HGtf8HONx5eT2rtn7q6eTqICYqUVnKs3thJo3Qplg=
golang.org/x/net v0.0.0-20190404232315-eb5bcb51f2a3/go.mod h1:t9HGtf8HONx5eT2rtn7q6eTqICYqUVnKs3thJo3Qplg=
golang.org/x/net v0.0.0-20190620200207-3b0461eec859/go.mod h1:z5CRVTTTmAJ677TzLLGU+0bjPO0LkuOLi4/5GtJWs/s=
golang.org/x/net v0.0.0-20200202094626-16171245cfb2/go.mod h1:z5CRVTTTmAJ677TzLLGU+0bjPO0LkuOLi4/5GtJWs/s=
golang.org/x/net v0.0.0-20210226172049-e18ecbb05110/go.mod h1:m0MpNAwzfU5UDzcl9v0D8zg8gWTRqZa9RBIspLL5mdg=
golang.org/x/net v0.0.0-20211112202133-69e39bad7dc2/go.mod h1:9nx3DQGgdP8bBQD5qxJ1jj9UTztislL4KSBs9R2vV5Y=
golang.org/x/net v0.0.0-20220722155237-a158d28d115b/go.mod h1:XRhObCWvk6IyKnWLug+ECip1KBveYUHfp+8e9klMJ9c=
golang.org/x/net v0.2.0/go.mod h1:KqCZLdyyvdV855qA2rE3GC2aiw5xGR5TEjj8smXukLY=
golang.org/x/net v0.6.0/go.mod h1:2Tu9+aMcznHK/AK1HMvgo6xiTLG5rD5rZLDS+rp2Bjs=
golang.org/x/net v0.8.0/go.mod h1:QVkue5JL9kW//ek3r6jTKnTFis1tRmNAW2P1shuFdJc=
golang.org/x/net v0.21.0 h1:AQyQV4dYCvJ7vGmJyKki9+PBdyvhkSd8EIx/qb0AYv4=
golang.org/x/net v0.21.0/go.mod h1:bIjVDfnllIU7BJ2DNgfnXvpSvtn8VRwhlsaeUTyUS44=
golang.org/x/sync v0.0.0-20190423024810-112230192c58/go.mod h1:RxMgew5VJxzue5/jJTE5uejpjVlOe/izrB70Jof72aM=
golang.org/x/sync v0.0.0-20220722155255-886fb9371eb4/go.mod h1:RxMgew5VJxzue5/jJTE5uejpjVlOe/izrB70Jof72aM=
golang.org/x/sync v0.1.0/go.mod h1:RxMgew5VJxzue5/jJTE5uejpjVlOe/izrB70Jof72aM=
golang.org/x/sync v0.5.0 h1:60k92dhOjHxJkrqnwsfl8KuaHbn/5dl0lUPUklKo3qE=
golang.org/x/sync v0.5.0/go.mod h1:Czt+wKu1gCyEFDUtn0jG5QVvpJ6rzVqr5aXyt9drQfk=
golang.org/x/sys v0.0.0-20190215142949-d0b11bdaac8a/go.mod h1:STP8DvDyc/dI5b8T5hshtkjS+E42TnysNCUPdjciGhY=
golang.org/x/sys v0.0.0-20190412213103-97732733099d/go.mod h1:h1NjWce9XRLGQEsW7wpKNCjG9DtNlClVuFLEZdDNbEs=
golang.org/x/sys v0.0.0-20191026070338-33540a1f6037/go.mod h1:h1NjWce9XRLGQEsW7wpKNCjG9DtNlClVuFLEZdDNbEs=
golang.org/x/sys v0.0.0-20201119102817-f84b799fce68/go.mod h1:h1NjWce9XRLGQEsW7wpKNCjG9DtNlClVuFLEZdDNbEs=
golang.org/x/sys v0.0.0-20210124154548-22da62e12c0c/go.mod h1:h1NjWce9XRLGQEsW7wpKNCjG9DtNlClVuFLEZdDNbEs=
golang.org/x/sys v0.0.0-20210423082822-04245dca01da/go.mod h1:h1NjWce9XRLGQEsW7wpKNCjG9DtNlClVuFLEZdDNbEs=
golang.org/x/sys v0.0.0-20210615035016-665e8c7367d1/go.mod h1:oPkhp1MJrh7nUepCBck5+mAzfO9JrbApNNgaTdGDITg=
golang.org/x/sys v0.0.0-20220520151302-bc2c85ada10a/go.mod h1:oPkhp1MJrh7nUepCBck5+mAzfO9JrbApNNgaTdGDITg=
golang.org/x/sys v0.0.0-20220715151400-c0bba94af5f8/go.mod h1:oPkhp1MJrh7nUepCBck5+mAzfO9JrbApNNgaTdGDITg=
golang.org/x/sys v0.0.0-20220722155257-8c9f86f7a55f/go.mod h1:oPkhp1MJrh7nUepCBck5+mAzfO9JrbApNNgaTdGDITg=
golang.org/x/sys v0.2.0/go.mod h1:oPkhp1MJrh7nUepCBck5+mAzfO9JrbApNNgaTdGDITg=
golang.org/x/sys v0.3.0/go.mod h1:oPkhp1MJrh7nUepCBck5+mAzfO9JrbApNNgaTdGDITg=
golang.org/x/sys v0.5.0/go.mod h1:oPkhp1MJrh7nUepCBck5+mAzfO9JrbApNNgaTdGDITg=
golang.org/x/sys v0.6.0/go.mod h1:oPkhp1MJrh7nUepCBck5+mAzfO9JrbApNNgaTdGDITg=
golang.org/x/sys v0.17.0 h1:25cE3gD+tdBA7lp7QfhuV+rJiE9YXTcS3VG1SqssI/Y=
golang.org/x/sys v0.17.0/go.mod h1:/VUhepiaJMQUp4+oa/7Zr1D23ma6VTLIYjOOTFZPUcA=
golang.org/x/term v0.0.0-20201126162022-7de9c90e9dd1/go.mod h1:bj7SfCRtBDWHUb9snDiAeCFNEtKQo2Wmx5Cou7ajbmo=
golang.org/x/term v0.0.0-20210927222741-03fcf44c2211/go.mod h1:jbD1KX2456YbFQfuXm/mYQcufACuNUgVhRMnK/tPxf8=
golang.org/x/term v0.2.0/go.mod h1:TVmDHMZPmdnySmBfhjOoOdhjzdE1h4u1VwSiw2l1Nuc=
golang.org/x/term v0.5.0/go.mod h1:jMB1sMXY+tzblOD4FWmEbocvup2/aLOaQEp7JmGp78k=
golang.org/x/term v0.6.0/go.mod h1:m6U89DPEgQRMq3DNkDClhWw02AUbt2daBVO4cn4Hv9U=
golang.org/x/term v0.17.0 h1:mkTF7LCd6WGJNL3K1Ad7kwxNfYAW6a8a8QqtMblp/4U=
golang.org/x/term v0.17.0/go.mod h1:lLRBjIVuehSbZlaOtGMbcMncT+aqLLLmKrsjNrUguwk=
golang.org/x/text v0.3.0/go.mod h1:NqM8EUOU14njkJ3fqMW+pc6Ldnwhi/IjpwHt7yyuwOQ=
golang.org/x/text v0.3.3/go.mod h1:5Zoc/QRtKVWzQhOtBMvqHzDpF6irO9z98xDceosuGiQ=
golang.org/x/text v0.3.6/go.mod h1:5Zoc/QRtKVWzQhOtBMvqHzDpF6irO9z98xDceosuGiQ=
golang.org/x/text v0.3.7/go.mod h1:u+2+/6zg+i71rQMx5EYifcz6MCKuco9NR6JIITiCfzQ=
golang.org/x/text v0.4.0/go.mod h1:mrYo+phRRbMaCq/xk9113O4dZlRixOauAjOtrjsXDZ8=
golang.org/x/text v0.7.0/go.mod h1:mrYo+phRRbMaCq/xk9113O4dZlRixOauAjOtrjsXDZ8=
golang.org/x/text v0.8.0/go.mod h1:e1OnstbJyHTd6l/uOt8jFFHp6TRDWZR/bV3emEE/zU8=
golang.org/x/text v0.14.0 h1:ScX5w1eTa3QqT8oi6+ziP7dTV1S2+ALU0bI+0zXKWiQ=
golang.org/x/text v0.14.0/go.mod h1:18ZOQIKpY8NJVqYksKHtTdi31H5itFRjB5/qKTNYzSU=
golang.org/x/tools v0.0.0-20180917221912-90fa682c2a6e/go.mod h1:n7NCudcB/nEzxVGmLbDWY5pfWTLqBcC2KZ6jyYvM4mQ=
golang.org/x/tools v0.0.0-20190311212946-11955173bddd/go.mod h1:LCzVGOaR6xXOjkQ3onu1FJEFr0SW1gC7cKk1uF8kGRs=
golang.org/x/tools v0.0.0-20190621195816-6e04913cbbac/go.mod h1:/rFqwRUd4F7ZHNgwSSTFct+R/Kf4OFW1sUzUTQQTgfc=
golang.org/x/tools v0.0.0-20191029041327-9cc4af7d6b2c/go.mod h1:b+2E5dAYhXwXZwtnZ6UAqBI28+e2cm9otk0dWdXHAEo=
golang.org/x/tools v0.0.0-20191029190741-b9c20aec41a5/go.mod h1:b+2E5dAYhXwXZwtnZ6UAqBI28+e2cm9otk0dWdXHAEo=
golang.org/x/tools v0.0.0-20191107010934-f79515f33823/go.mod h1:b+2E5dAYhXwXZwtnZ6UAqBI28+e2cm9otk0dWdXHAEo=
golang.org/x/tools v0.0.0-20191108193012-7d206e10da11/go.mod h1:b+2E5dAYhXwXZwtnZ6UAqBI28+e2cm9otk0dWdXHAEo=
golang.org/x/tools v0.0.0-20191119224855-298f0cb1881e/go.mod h1:b+2E5dAYhXwXZwtnZ6UAqBI28+e2cm9otk0dWdXHAEo=
golang.org/x/tools v0.0.0-20200130002326-2f3ba24bd6e7/go.mod h1:TB2adYChydJhpapKDTa4BR/hXlZSLoq2Wpct/0txZ28=
golang.org/x/tools v0.1.12/go.mod h1:hNGJHUnrk76NpqgfD5Aqm5Crs+Hm0VOH/i9J2+nxYbc=
golang.org/x/tools v0.6.0/go.mod h1:Xwgl3UAJ/d3gWutnCtw505GrjyAbvKui8lOU390QaIU=
golang.org/x/tools v0.15.0 h1:zdAyfUGbYmuVokhzVmghFl2ZJh5QhcfebBgmVPFYA+8=
golang.org/x/tools v0.15.0/go.mod h1:hpksKq4dtpQWS1uQ61JkdqWM3LscIS6Slf+VVkm+wQk=
golang.org/x/xerrors v0.0.0-20190717185122-a985d3407aa7/go.mod h1:I/5z698sn9Ka8TeJc9MKroUUfqBBauWjQqLJ2OPfmY0=
golang.org/x/xerrors v0.0.0-20191011141410-1b5146add898/go.mod h1:I/5z698sn9Ka8TeJc9MKroUUfqBBauWjQqLJ2OPfmY0=
gopkg.in/check.v1 v0.0.0-20161208181325-20d25e280405/go.mod h1:Co6ibVJAznAaIkqp8huTwlJQCZ016jof/cbN4VW5Yz0=
gopkg.in/check.v1 v1.0.0-20180628173108-788fd7840127/go.mod h1:Co6ibVJAznAaIkqp8huTwlJQCZ016jof/cbN4VW5Yz0=
gopkg.in/check.v1 v1.0.0-20190902080502-41f04d3bba15/go.mod h1:Co6ibVJAznAaIkqp8huTwlJQCZ016jof/cbN4VW5Yz0=
gopkg.in/check.v1 v1.0.0-20201130134442-10cb98267c6c h1:Hei/4ADfdWqJk1ZMxUNpqntNwaWcugrBjAiHlqqRiVk=
gopkg.in/check.v1 v1.0.0-20201130134442-10cb98267c6c/go.mod h1:JHkPIbrfpd72SG/EVd6muEfDQjcINNoR0C8j2r3qZ4Q=
gopkg.in/errgo.v2 v2.1.0/go.mod h1:hNsd1EY+bozCKY1Ytp96fpM3vjJbqLJn88ws8XvfDNI=
gopkg.in/natefinch/lumberjack.v2 v2.0.0 h1:1Lc07Kr7qY4U2YPouBjpCLxpiyxIVoxqXgkXLknAOE8=
gopkg.in/natefinch/lumberjack.v2 v2.0.0/go.mod h1:l0ndWWf7gzL7RNwBG7wST/UCcT4T24xpD6X8LsfU/+k=
gopkg.in/warnings.v0 v0.1.2 h1:wFXVbFY8DY5/xOe1ECiWdKCzZlxgshcYVNkBHstARME=
gopkg.in/warnings.v0 v0.1.2/go.mod h1:jksf8JmL6Qr/oQM2OXTHunEvvTAsrWBLb6OOjuVWRNI=
gopkg.in/yaml.v2 v2.2.2/go.mod h1:hI93XBmqTisBFMUTm0b8Fm+jr3Dg1NNxqwp+5A1VGuI=
gopkg.in/yaml.v2 v2.2.8/go.mod h1:hI93XBmqTisBFMUTm0b8Fm+jr3Dg1NNxqwp+5A1VGuI=
gopkg.in/yaml.v2 v2.4.0 h1:D8xgwECY7CYvx+Y2n4sBz93Jn9JRvxdiyyo8CTfuKaY=
gopkg.in/yaml.v2 v2.4.0/go.mod h1:RDklbk79AGWmwhnvt/jBztapEOGDOx6ZbXqjP6csGnQ=
gopkg.in/yaml.v3 v3.0.0-20200313102051-9f266ea9e77c/go.mod h1:K4uyk7z7BCEPqu6E+C64Yfv1cQ7kz7rIZviUmN+EgEM=
gopkg.in/yaml.v3 v3.0.0-20210107192922-496545a6307b/go.mod h1:K4uyk7z7BCEPqu6E+C64Yfv1cQ7kz7rIZviUmN+EgEM=
gopkg.in/yaml.v3 v3.0.1 h1:fxVm/GzAzEWqLHuvctI91KS9hhNmmWOoWu0XTYJS7CA=
gopkg.in/yaml.v3 v3.0.1/go.mod h1:K4uyk7z7BCEPqu6E+C64Yfv1cQ7kz7rIZviUmN+EgEM=
honnef.co/go/tools v0.0.1-2019.2.3/go.mod h1:a3bituU0lyd329TUQxRnasdCoJDkEUEAqEt0JzvZhAg=
